
Microsoft Visual Studio Solution File, Format Version 12.00
# Visual Studio 15
VisualStudioVersion = 15.0.27703.2047
MinimumVisualStudioVersion = 10.0.40219.1
Project("{FAE04EC0-301F-11D3-BF4B-00C04F79EFBC}") = "Gymnastic_User.Android", "Gymnastic_User\Gymnastic_User.Android\Gymnastic_User.Android.csproj", "{4637E61A-0E9B-4331-AF38-E2B2C08F835F}"
EndProject
Project("{FAE04EC0-301F-11D3-BF4B-00C04F79EFBC}") = "Gymnastic_User.iOS", "Gymnastic_User\Gymnastic_User.iOS\Gymnastic_User.iOS.csproj", "{B7A292D6-7209-43BC-9C83-5DC062DAED00}"
EndProject
Project("{D954291E-2A0B-460D-934E-DC6B0785DB48}") = "Gymnastic_User", "Gymnastic_User\Gymnastic_User\Gymnastic_User.shproj", "{B55A6F99-F239-4931-B604-EDFA473FD499}"
EndProject
Global
	GlobalSection(SharedMSBuildProjectFiles) = preSolution
		Gymnastic_User\Gymnastic_User\Gymnastic_User.projitems*{4637e61a-0e9b-4331-af38-e2b2c08f835f}*SharedItemsImports = 4
		Gymnastic_User\Gymnastic_User\Gymnastic_User.projitems*{b55a6f99-f239-4931-b604-edfa473fd499}*SharedItemsImports = 13
		Gymnastic_User\Gymnastic_User\Gymnastic_User.projitems*{b7a292d6-7209-43bc-9c83-5dc062daed00}*SharedItemsImports = 4
	EndGlobalSection
	GlobalSection(SolutionConfigurationPlatforms) = preSolution
		Ad-Hoc|Any CPU = Ad-Hoc|Any CPU
		Ad-Hoc|ARM = Ad-Hoc|ARM
		Ad-Hoc|iPhone = Ad-Hoc|iPhone
		Ad-Hoc|iPhoneSimulator = Ad-Hoc|iPhoneSimulator
		Ad-Hoc|x64 = Ad-Hoc|x64
		Ad-Hoc|x86 = Ad-Hoc|x86
		AppStore|Any CPU = AppStore|Any CPU
		AppStore|ARM = AppStore|ARM
		AppStore|iPhone = AppStore|iPhone
		AppStore|iPhoneSimulator = AppStore|iPhoneSimulator
		AppStore|x64 = AppStore|x64
		AppStore|x86 = AppStore|x86
		Debug|Any CPU = Debug|Any CPU
		Debug|ARM = Debug|ARM
		Debug|iPhone = Debug|iPhone
		Debug|iPhoneSimulator = Debug|iPhoneSimulator
		Debug|x64 = Debug|x64
		Debug|x86 = Debug|x86
		Release|Any CPU = Release|Any CPU
		Release|ARM = Release|ARM
		Release|iPhone = Release|iPhone
		Release|iPhoneSimulator = Release|iPhoneSimulator
		Release|x64 = Release|x64
		Release|x86 = Release|x86
	EndGlobalSection
	GlobalSection(ProjectConfigurationPlatforms) = postSolution
		{4637E61A-0E9B-4331-AF38-E2B2C08F835F}.Ad-Hoc|Any CPU.ActiveCfg = Release|Any CPU
		{4637E61A-0E9B-4331-AF38-E2B2C08F835F}.Ad-Hoc|Any CPU.Build.0 = Release|Any CPU
		{4637E61A-0E9B-4331-AF38-E2B2C08F835F}.Ad-Hoc|Any CPU.Deploy.0 = Release|Any CPU
		{4637E61A-0E9B-4331-AF38-E2B2C08F835F}.Ad-Hoc|ARM.ActiveCfg = Release|Any CPU
		{4637E61A-0E9B-4331-AF38-E2B2C08F835F}.Ad-Hoc|ARM.Build.0 = Release|Any CPU
		{4637E61A-0E9B-4331-AF38-E2B2C08F835F}.Ad-Hoc|ARM.Deploy.0 = Release|Any CPU
		{4637E61A-0E9B-4331-AF38-E2B2C08F835F}.Ad-Hoc|iPhone.ActiveCfg = Release|Any CPU
		{4637E61A-0E9B-4331-AF38-E2B2C08F835F}.Ad-Hoc|iPhone.Build.0 = Release|Any CPU
		{4637E61A-0E9B-4331-AF38-E2B2C08F835F}.Ad-Hoc|iPhone.Deploy.0 = Release|Any CPU
		{4637E61A-0E9B-4331-AF38-E2B2C08F835F}.Ad-Hoc|iPhoneSimulator.ActiveCfg = Release|Any CPU
		{4637E61A-0E9B-4331-AF38-E2B2C08F835F}.Ad-Hoc|iPhoneSimulator.Build.0 = Release|Any CPU
		{4637E61A-0E9B-4331-AF38-E2B2C08F835F}.Ad-Hoc|iPhoneSimulator.Deploy.0 = Release|Any CPU
		{4637E61A-0E9B-4331-AF38-E2B2C08F835F}.Ad-Hoc|x64.ActiveCfg = Release|Any CPU
		{4637E61A-0E9B-4331-AF38-E2B2C08F835F}.Ad-Hoc|x64.Build.0 = Release|Any CPU
		{4637E61A-0E9B-4331-AF38-E2B2C08F835F}.Ad-Hoc|x64.Deploy.0 = Release|Any CPU
		{4637E61A-0E9B-4331-AF38-E2B2C08F835F}.Ad-Hoc|x86.ActiveCfg = Release|Any CPU
		{4637E61A-0E9B-4331-AF38-E2B2C08F835F}.Ad-Hoc|x86.Build.0 = Release|Any CPU
		{4637E61A-0E9B-4331-AF38-E2B2C08F835F}.Ad-Hoc|x86.Deploy.0 = Release|Any CPU
		{4637E61A-0E9B-4331-AF38-E2B2C08F835F}.AppStore|Any CPU.ActiveCfg = Release|Any CPU
		{4637E61A-0E9B-4331-AF38-E2B2C08F835F}.AppStore|Any CPU.Build.0 = Release|Any CPU
		{4637E61A-0E9B-4331-AF38-E2B2C08F835F}.AppStore|Any CPU.Deploy.0 = Release|Any CPU
		{4637E61A-0E9B-4331-AF38-E2B2C08F835F}.AppStore|ARM.ActiveCfg = Release|Any CPU
		{4637E61A-0E9B-4331-AF38-E2B2C08F835F}.AppStore|ARM.Build.0 = Release|Any CPU
		{4637E61A-0E9B-4331-AF38-E2B2C08F835F}.AppStore|ARM.Deploy.0 = Release|Any CPU
		{4637E61A-0E9B-4331-AF38-E2B2C08F835F}.AppStore|iPhone.ActiveCfg = Release|Any CPU
		{4637E61A-0E9B-4331-AF38-E2B2C08F835F}.AppStore|iPhone.Build.0 = Release|Any CPU
		{4637E61A-0E9B-4331-AF38-E2B2C08F835F}.AppStore|iPhone.Deploy.0 = Release|Any CPU
		{4637E61A-0E9B-4331-AF38-E2B2C08F835F}.AppStore|iPhoneSimulator.ActiveCfg = Release|Any CPU
		{4637E61A-0E9B-4331-AF38-E2B2C08F835F}.AppStore|iPhoneSimulator.Build.0 = Release|Any CPU
		{4637E61A-0E9B-4331-AF38-E2B2C08F835F}.AppStore|iPhoneSimulator.Deploy.0 = Release|Any CPU
		{4637E61A-0E9B-4331-AF38-E2B2C08F835F}.AppStore|x64.ActiveCfg = Release|Any CPU
		{4637E61A-0E9B-4331-AF38-E2B2C08F835F}.AppStore|x64.Build.0 = Release|Any CPU
		{4637E61A-0E9B-4331-AF38-E2B2C08F835F}.AppStore|x64.Deploy.0 = Release|Any CPU
		{4637E61A-0E9B-4331-AF38-E2B2C08F835F}.AppStore|x86.ActiveCfg = Release|Any CPU
		{4637E61A-0E9B-4331-AF38-E2B2C08F835F}.AppStore|x86.Build.0 = Release|Any CPU
		{4637E61A-0E9B-4331-AF38-E2B2C08F835F}.AppStore|x86.Deploy.0 = Release|Any CPU
		{4637E61A-0E9B-4331-AF38-E2B2C08F835F}.Debug|Any CPU.ActiveCfg = Debug|Any CPU
		{4637E61A-0E9B-4331-AF38-E2B2C08F835F}.Debug|Any CPU.Build.0 = Debug|Any CPU
		{4637E61A-0E9B-4331-AF38-E2B2C08F835F}.Debug|Any CPU.Deploy.0 = Debug|Any CPU
		{4637E61A-0E9B-4331-AF38-E2B2C08F835F}.Debug|ARM.ActiveCfg = Debug|Any CPU
		{4637E61A-0E9B-4331-AF38-E2B2C08F835F}.Debug|ARM.Build.0 = Debug|Any CPU
		{4637E61A-0E9B-4331-AF38-E2B2C08F835F}.Debug|ARM.Deploy.0 = Debug|Any CPU
		{4637E61A-0E9B-4331-AF38-E2B2C08F835F}.Debug|iPhone.ActiveCfg = Debug|Any CPU
		{4637E61A-0E9B-4331-AF38-E2B2C08F835F}.Debug|iPhone.Build.0 = Debug|Any CPU
		{4637E61A-0E9B-4331-AF38-E2B2C08F835F}.Debug|iPhone.Deploy.0 = Debug|Any CPU
		{4637E61A-0E9B-4331-AF38-E2B2C08F835F}.Debug|iPhoneSimulator.ActiveCfg = Debug|Any CPU
		{4637E61A-0E9B-4331-AF38-E2B2C08F835F}.Debug|iPhoneSimulator.Build.0 = Debug|Any CPU
		{4637E61A-0E9B-4331-AF38-E2B2C08F835F}.Debug|iPhoneSimulator.Deploy.0 = Debug|Any CPU
		{4637E61A-0E9B-4331-AF38-E2B2C08F835F}.Debug|x64.ActiveCfg = Debug|Any CPU
		{4637E61A-0E9B-4331-AF38-E2B2C08F835F}.Debug|x64.Build.0 = Debug|Any CPU
		{4637E61A-0E9B-4331-AF38-E2B2C08F835F}.Debug|x64.Deploy.0 = Debug|Any CPU
		{4637E61A-0E9B-4331-AF38-E2B2C08F835F}.Debug|x86.ActiveCfg = Debug|Any CPU
		{4637E61A-0E9B-4331-AF38-E2B2C08F835F}.Debug|x86.Build.0 = Debug|Any CPU
		{4637E61A-0E9B-4331-AF38-E2B2C08F835F}.Debug|x86.Deploy.0 = Debug|Any CPU
		{4637E61A-0E9B-4331-AF38-E2B2C08F835F}.Release|Any CPU.ActiveCfg = Release|Any CPU
		{4637E61A-0E9B-4331-AF38-E2B2C08F835F}.Release|Any CPU.Build.0 = Release|Any CPU
		{4637E61A-0E9B-4331-AF38-E2B2C08F835F}.Release|Any CPU.Deploy.0 = Release|Any CPU
		{4637E61A-0E9B-4331-AF38-E2B2C08F835F}.Release|ARM.ActiveCfg = Release|Any CPU
		{4637E61A-0E9B-4331-AF38-E2B2C08F835F}.Release|ARM.Build.0 = Release|Any CPU
		{4637E61A-0E9B-4331-AF38-E2B2C08F835F}.Release|ARM.Deploy.0 = Release|Any CPU
		{4637E61A-0E9B-4331-AF38-E2B2C08F835F}.Release|iPhone.ActiveCfg = Release|Any CPU
		{4637E61A-0E9B-4331-AF38-E2B2C08F835F}.Release|iPhone.Build.0 = Release|Any CPU
		{4637E61A-0E9B-4331-AF38-E2B2C08F835F}.Release|iPhone.Deploy.0 = Release|Any CPU
		{4637E61A-0E9B-4331-AF38-E2B2C08F835F}.Release|iPhoneSimulator.ActiveCfg = Release|Any CPU
		{4637E61A-0E9B-4331-AF38-E2B2C08F835F}.Release|iPhoneSimulator.Build.0 = Release|Any CPU
		{4637E61A-0E9B-4331-AF38-E2B2C08F835F}.Release|iPhoneSimulator.Deploy.0 = Release|Any CPU
		{4637E61A-0E9B-4331-AF38-E2B2C08F835F}.Release|x64.ActiveCfg = Release|Any CPU
		{4637E61A-0E9B-4331-AF38-E2B2C08F835F}.Release|x64.Build.0 = Release|Any CPU
		{4637E61A-0E9B-4331-AF38-E2B2C08F835F}.Release|x64.Deploy.0 = Release|Any CPU
		{4637E61A-0E9B-4331-AF38-E2B2C08F835F}.Release|x86.ActiveCfg = Release|Any CPU
		{4637E61A-0E9B-4331-AF38-E2B2C08F835F}.Release|x86.Build.0 = Release|Any CPU
		{4637E61A-0E9B-4331-AF38-E2B2C08F835F}.Release|x86.Deploy.0 = Release|Any CPU
		{B7A292D6-7209-43BC-9C83-5DC062DAED00}.Ad-Hoc|Any CPU.ActiveCfg = Ad-Hoc|iPhone
		{B7A292D6-7209-43BC-9C83-5DC062DAED00}.Ad-Hoc|Any CPU.Build.0 = Ad-Hoc|iPhone
		{B7A292D6-7209-43BC-9C83-5DC062DAED00}.Ad-Hoc|Any CPU.Deploy.0 = Ad-Hoc|iPhone
		{B7A292D6-7209-43BC-9C83-5DC062DAED00}.Ad-Hoc|ARM.ActiveCfg = Ad-Hoc|iPhone
		{B7A292D6-7209-43BC-9C83-5DC062DAED00}.Ad-Hoc|ARM.Build.0 = Ad-Hoc|iPhone
		{B7A292D6-7209-43BC-9C83-5DC062DAED00}.Ad-Hoc|ARM.Deploy.0 = Ad-Hoc|iPhone
		{B7A292D6-7209-43BC-9C83-5DC062DAED00}.Ad-Hoc|iPhone.ActiveCfg = Ad-Hoc|iPhone
		{B7A292D6-7209-43BC-9C83-5DC062DAED00}.Ad-Hoc|iPhone.Build.0 = Ad-Hoc|iPhone
		{B7A292D6-7209-43BC-9C83-5DC062DAED00}.Ad-Hoc|iPhone.Deploy.0 = Ad-Hoc|iPhone
		{B7A292D6-7209-43BC-9C83-5DC062DAED00}.Ad-Hoc|iPhoneSimulator.ActiveCfg = Ad-Hoc|iPhoneSimulator
		{B7A292D6-7209-43BC-9C83-5DC062DAED00}.Ad-Hoc|iPhoneSimulator.Build.0 = Ad-Hoc|iPhoneSimulator
		{B7A292D6-7209-43BC-9C83-5DC062DAED00}.Ad-Hoc|iPhoneSimulator.Deploy.0 = Ad-Hoc|iPhoneSimulator
		{B7A292D6-7209-43BC-9C83-5DC062DAED00}.Ad-Hoc|x64.ActiveCfg = Ad-Hoc|iPhone
		{B7A292D6-7209-43BC-9C83-5DC062DAED00}.Ad-Hoc|x64.Build.0 = Ad-Hoc|iPhone
		{B7A292D6-7209-43BC-9C83-5DC062DAED00}.Ad-Hoc|x64.Deploy.0 = Ad-Hoc|iPhone
		{B7A292D6-7209-43BC-9C83-5DC062DAED00}.Ad-Hoc|x86.ActiveCfg = Ad-Hoc|iPhone
		{B7A292D6-7209-43BC-9C83-5DC062DAED00}.Ad-Hoc|x86.Build.0 = Ad-Hoc|iPhone
		{B7A292D6-7209-43BC-9C83-5DC062DAED00}.Ad-Hoc|x86.Deploy.0 = Ad-Hoc|iPhone
		{B7A292D6-7209-43BC-9C83-5DC062DAED00}.AppStore|Any CPU.ActiveCfg = AppStore|iPhone
		{B7A292D6-7209-43BC-9C83-5DC062DAED00}.AppStore|Any CPU.Build.0 = AppStore|iPhone
		{B7A292D6-7209-43BC-9C83-5DC062DAED00}.AppStore|Any CPU.Deploy.0 = AppStore|iPhone
		{B7A292D6-7209-43BC-9C83-5DC062DAED00}.AppStore|ARM.ActiveCfg = AppStore|iPhone
		{B7A292D6-7209-43BC-9C83-5DC062DAED00}.AppStore|ARM.Build.0 = AppStore|iPhone
		{B7A292D6-7209-43BC-9C83-5DC062DAED00}.AppStore|ARM.Deploy.0 = AppStore|iPhone
		{B7A292D6-7209-43BC-9C83-5DC062DAED00}.AppStore|iPhone.ActiveCfg = AppStore|iPhone
		{B7A292D6-7209-43BC-9C83-5DC062DAED00}.AppStore|iPhone.Build.0 = AppStore|iPhone
		{B7A292D6-7209-43BC-9C83-5DC062DAED00}.AppStore|iPhone.Deploy.0 = AppStore|iPhone
		{B7A292D6-7209-43BC-9C83-5DC062DAED00}.AppStore|iPhoneSimulator.ActiveCfg = AppStore|iPhoneSimulator
		{B7A292D6-7209-43BC-9C83-5DC062DAED00}.AppStore|iPhoneSimulator.Build.0 = AppStore|iPhoneSimulator
		{B7A292D6-7209-43BC-9C83-5DC062DAED00}.AppStore|iPhoneSimulator.Deploy.0 = AppStore|iPhoneSimulator
		{B7A292D6-7209-43BC-9C83-5DC062DAED00}.AppStore|x64.ActiveCfg = AppStore|iPhone
		{B7A292D6-7209-43BC-9C83-5DC062DAED00}.AppStore|x64.Build.0 = AppStore|iPhone
		{B7A292D6-7209-43BC-9C83-5DC062DAED00}.AppStore|x64.Deploy.0 = AppStore|iPhone
		{B7A292D6-7209-43BC-9C83-5DC062DAED00}.AppStore|x86.ActiveCfg = AppStore|iPhone
		{B7A292D6-7209-43BC-9C83-5DC062DAED00}.AppStore|x86.Build.0 = AppStore|iPhone
		{B7A292D6-7209-43BC-9C83-5DC062DAED00}.AppStore|x86.Deploy.0 = AppStore|iPhone
		{B7A292D6-7209-43BC-9C83-5DC062DAED00}.Debug|Any CPU.ActiveCfg = Debug|iPhoneSimulator
		{B7A292D6-7209-43BC-9C83-5DC062DAED00}.Debug|Any CPU.Build.0 = Debug|iPhoneSimulator
		{B7A292D6-7209-43BC-9C83-5DC062DAED00}.Debug|Any CPU.Deploy.0 = Debug|iPhoneSimulator
		{B7A292D6-7209-43BC-9C83-5DC062DAED00}.Debug|ARM.ActiveCfg = Debug|iPhone
		{B7A292D6-7209-43BC-9C83-5DC062DAED00}.Debug|ARM.Build.0 = Debug|iPhone
		{B7A292D6-7209-43BC-9C83-5DC062DAED00}.Debug|ARM.Deploy.0 = Debug|iPhone
		{B7A292D6-7209-43BC-9C83-5DC062DAED00}.Debug|iPhone.ActiveCfg = Debug|iPhone
		{B7A292D6-7209-43BC-9C83-5DC062DAED00}.Debug|iPhone.Build.0 = Debug|iPhone
		{B7A292D6-7209-43BC-9C83-5DC062DAED00}.Debug|iPhone.Deploy.0 = Debug|iPhone
		{B7A292D6-7209-43BC-9C83-5DC062DAED00}.Debug|iPhoneSimulator.ActiveCfg = Debug|iPhoneSimulator
		{B7A292D6-7209-43BC-9C83-5DC062DAED00}.Debug|iPhoneSimulator.Build.0 = Debug|iPhoneSimulator
		{B7A292D6-7209-43BC-9C83-5DC062DAED00}.Debug|iPhoneSimulator.Deploy.0 = Debug|iPhoneSimulator
		{B7A292D6-7209-43BC-9C83-5DC062DAED00}.Debug|x64.ActiveCfg = Debug|iPhone
		{B7A292D6-7209-43BC-9C83-5DC062DAED00}.Debug|x64.Build.0 = Debug|iPhone
		{B7A292D6-7209-43BC-9C83-5DC062DAED00}.Debug|x64.Deploy.0 = Debug|iPhone
		{B7A292D6-7209-43BC-9C83-5DC062DAED00}.Debug|x86.ActiveCfg = Debug|iPhone
		{B7A292D6-7209-43BC-9C83-5DC062DAED00}.Debug|x86.Build.0 = Debug|iPhone
		{B7A292D6-7209-43BC-9C83-5DC062DAED00}.Debug|x86.Deploy.0 = Debug|iPhone
		{B7A292D6-7209-43BC-9C83-5DC062DAED00}.Release|Any CPU.ActiveCfg = Release|iPhone
		{B7A292D6-7209-43BC-9C83-5DC062DAED00}.Release|Any CPU.Build.0 = Release|iPhone
		{B7A292D6-7209-43BC-9C83-5DC062DAED00}.Release|Any CPU.Deploy.0 = Release|iPhone
		{B7A292D6-7209-43BC-9C83-5DC062DAED00}.Release|ARM.ActiveCfg = Release|iPhone
		{B7A292D6-7209-43BC-9C83-5DC062DAED00}.Release|ARM.Build.0 = Release|iPhone
		{B7A292D6-7209-43BC-9C83-5DC062DAED00}.Release|ARM.Deploy.0 = Release|iPhone
		{B7A292D6-7209-43BC-9C83-5DC062DAED00}.Release|iPhone.ActiveCfg = Release|iPhone
		{B7A292D6-7209-43BC-9C83-5DC062DAED00}.Release|iPhone.Build.0 = Release|iPhone
		{B7A292D6-7209-43BC-9C83-5DC062DAED00}.Release|iPhone.Deploy.0 = Release|iPhone
		{B7A292D6-7209-43BC-9C83-5DC062DAED00}.Release|iPhoneSimulator.ActiveCfg = Release|iPhoneSimulator
		{B7A292D6-7209-43BC-9C83-5DC062DAED00}.Release|iPhoneSimulator.Build.0 = Release|iPhoneSimulator
		{B7A292D6-7209-43BC-9C83-5DC062DAED00}.Release|iPhoneSimulator.Deploy.0 = Release|iPhoneSimulator
		{B7A292D6-7209-43BC-9C83-5DC062DAED00}.Release|x64.ActiveCfg = Release|iPhone
		{B7A292D6-7209-43BC-9C83-5DC062DAED00}.Release|x64.Build.0 = Release|iPhone
		{B7A292D6-7209-43BC-9C83-5DC062DAED00}.Release|x64.Deploy.0 = Release|iPhone
		{B7A292D6-7209-43BC-9C83-5DC062DAED00}.Release|x86.ActiveCfg = Release|iPhone
		{B7A292D6-7209-43BC-9C83-5DC062DAED00}.Release|x86.Build.0 = Release|iPhone
		{B7A292D6-7209-43BC-9C83-5DC062DAED00}.Release|x86.Deploy.0 = Release|iPhone
	EndGlobalSection
	GlobalSection(SolutionProperties) = preSolution
		HideSolutionNode = FALSE
	EndGlobalSection
	GlobalSection(ExtensibilityGlobals) = postSolution
		SolutionGuid = {C00D4E29-9784-490C-9CA3-FA2DEFFB998C}
	EndGlobalSection
EndGlobal
